
Microsoft Visual Studio Solution File, Format Version 9.00
# Visual Studio 2005
Project("{FAE04EC0-301F-11D3-BF4B-00C04F79EFBC}") = "Editor", "GUIs\Editor\Editor.csproj", "{12B07AE8-7877-4B7E-A1E4-BCF248D843DD}"
EndProject
Project("{FAE04EC0-301F-11D3-BF4B-00C04F79EFBC}") = "Service", "Services\Service.csproj", "{A1A03BDC-DBB9-4580-A598-10629434BC72}"
EndProject
Project("{FAE04EC0-301F-11D3-BF4B-00C04F79EFBC}") = "Interface", "Interfaces\Interface.csproj", "{742CEAF6-CB09-4218-9D6F-8176A31BBC2D}"
EndProject
Project("{54435603-DBB4-11D2-8724-00A0C9A8B90C}") = "EditorSetup", "GUIs\Editor\Setup\Setup.vdproj", "{1C3DD84C-2BAA-43A7-A985-0D0E11CB36DA}"
EndProject
Global
	GlobalSection(SolutionConfigurationPlatforms) = preSolution
		Debug|Any CPU = Debug|Any CPU
		Release|Any CPU = Release|Any CPU
	EndGlobalSection
	GlobalSection(ProjectConfigurationPlatforms) = postSolution
		{12B07AE8-7877-4B7E-A1E4-BCF248D843DD}.Debug|Any CPU.ActiveCfg = Debug|Any CPU
		{12B07AE8-7877-4B7E-A1E4-BCF248D843DD}.Debug|Any CPU.Build.0 = Debug|Any CPU
		{12B07AE8-7877-4B7E-A1E4-BCF248D843DD}.Release|Any CPU.ActiveCfg = Release|Any CPU
		{12B07AE8-7877-4B7E-A1E4-BCF248D843DD}.Release|Any CPU.Build.0 = Release|Any CPU
		{A1A03BDC-DBB9-4580-A598-10629434BC72}.Debug|Any CPU.ActiveCfg = Debug|Any CPU
		{A1A03BDC-DBB9-4580-A598-10629434BC72}.Debug|Any CPU.Build.0 = Debug|Any CPU
		{A1A03BDC-DBB9-4580-A598-10629434BC72}.Release|Any CPU.ActiveCfg = Release|Any CPU
		{A1A03BDC-DBB9-4580-A598-10629434BC72}.Release|Any CPU.Build.0 = Release|Any CPU
		{742CEAF6-CB09-4218-9D6F-8176A31BBC2D}.Debug|Any CPU.ActiveCfg = Debug|Any CPU
		{742CEAF6-CB09-4218-9D6F-8176A31BBC2D}.Debug|Any CPU.Build.0 = Debug|Any CPU
		{742CEAF6-CB09-4218-9D6F-8176A31BBC2D}.Release|Any CPU.ActiveCfg = Release|Any CPU
		{742CEAF6-CB09-4218-9D6F-8176A31BBC2D}.Release|Any CPU.Build.0 = Release|Any CPU
		{1C3DD84C-2BAA-43A7-A985-0D0E11CB36DA}.Debug|Any CPU.ActiveCfg = Debug
		{1C3DD84C-2BAA-43A7-A985-0D0E11CB36DA}.Release|Any CPU.ActiveCfg = Release
	EndGlobalSection
	GlobalSection(SolutionProperties) = preSolution
		HideSolutionNode = FALSE
	EndGlobalSection
EndGlobal
