Microsoft Visual Studio Solution File, Format Version 9.00
# Visual Studio 2005
Project("{FAE04EC0-301F-11D3-BF4B-00C04F79EFBC}") = "Overview", "GUIs\FlowChart.NET\Overview\Overview.csproj", "{77CCAE13-E283-4677-B227-D39E75BA48EC}"
	ProjectSection(WebsiteProperties) = preProject
		Debug.AspNetCompiler.Debug = "True"
		Release.AspNetCompiler.Debug = "False"
	EndProjectSection
EndProject
Project("{2150E333-8FDC-42A3-9474-1A3956D46DE8}") = "Solution Items", "Solution Items", "{483B7CB6-4E63-4FDD-9E02-C95C5A449AF1}"
	ProjectSection(WebsiteProperties) = preProject
		Debug.AspNetCompiler.Debug = "True"
		Release.AspNetCompiler.Debug = "False"
	EndProjectSection
EndProject
Project("{FAE04EC0-301F-11D3-BF4B-00C04F79EFBC}") = "FlowChart.NET", "GUIs\FlowChart.NET\FlowChart.NET.csproj", "{FB33A25D-2FD4-4456-BDAC-113D5E7CD9B4}"
	ProjectSection(WebsiteProperties) = preProject
		Debug.AspNetCompiler.Debug = "True"
		Release.AspNetCompiler.Debug = "False"
	EndProjectSection
EndProject
Project("{54435603-DBB4-11D2-8724-00A0C9A8B90C}") = "EditorSetup", "GUIs\Editor\Setup\Setup.vdproj", "{7F0018C6-DBB4-4D66-92FE-4B5078D45687}"
	ProjectSection(WebsiteProperties) = preProject
		Debug.AspNetCompiler.Debug = "True"
		Release.AspNetCompiler.Debug = "False"
	EndProjectSection
EndProject
Project("{FAE04EC0-301F-11D3-BF4B-00C04F79EFBC}") = "Editor", "GUIs\Editor\Editor.csproj", "{12B07AE8-7877-4B7E-A1E4-BCF248D843DD}"
	ProjectSection(WebsiteProperties) = preProject
		Debug.AspNetCompiler.Debug = "True"
		Release.AspNetCompiler.Debug = "False"
	EndProjectSection
EndProject
Project("{FAE04EC0-301F-11D3-BF4B-00C04F79EFBC}") = "PureComponents TreeView VS2005 SRC", "GUIs\TreeView\PureComponents TreeView VS2005 SRC.csproj", "{07620E7A-1355-41BB-A084-B72B24401F4B}"
	ProjectSection(WebsiteProperties) = preProject
		Debug.AspNetCompiler.Debug = "True"
		Release.AspNetCompiler.Debug = "False"
	EndProjectSection
EndProject
Project("{FAE04EC0-301F-11D3-BF4B-00C04F79EFBC}") = "SmartPropertyGrid", "GUIs\VisualHint\Smart PropertyGrid.Net\SmartPropertyGrid.csproj", "{21087F5B-F4A5-4A86-A18D-C8EDF4264D6C}"
	ProjectSection(WebsiteProperties) = preProject
		Debug.AspNetCompiler.Debug = "True"
		Release.AspNetCompiler.Debug = "False"
	EndProjectSection
EndProject
Project("{FAE04EC0-301F-11D3-BF4B-00C04F79EFBC}") = "71.Log", "Common\LogView\71.Log.csproj", "{B10BBF30-1665-4E24-9F7E-7F248A44A0A9}"
	ProjectSection(WebsiteProperties) = preProject
		Debug.AspNetCompiler.Debug = "True"
		Release.AspNetCompiler.Debug = "False"
	EndProjectSection
EndProject
Project("{FAE04EC0-301F-11D3-BF4B-00C04F79EFBC}") = "70.Protocol", "Protocol\70.Protocol.csproj", "{E65E04EE-9697-484F-9E3D-E3D5A6F844BC}"
	ProjectSection(WebsiteProperties) = preProject
		Debug.AspNetCompiler.Debug = "True"
		Release.AspNetCompiler.Debug = "False"
	EndProjectSection
EndProject
Project("{FAE04EC0-301F-11D3-BF4B-00C04F79EFBC}") = "72.Service", "Service\72.Service.csproj", "{317F8980-564D-423D-945F-D7A9F4A8043D}"
	ProjectSection(WebsiteProperties) = preProject
		Debug.AspNetCompiler.Debug = "True"
		Release.AspNetCompiler.Debug = "False"
	EndProjectSection
EndProject
Project("{FAE04EC0-301F-11D3-BF4B-00C04F79EFBC}") = "Start", "GUIs\Editor\Start\Start.csproj", "{41259FBA-4939-495B-BDF8-7B75F3B7DB98}"
	ProjectSection(WebsiteProperties) = preProject
		Debug.AspNetCompiler.Debug = "True"
		Release.AspNetCompiler.Debug = "False"
	EndProjectSection
EndProject
Global
	GlobalSection(SolutionConfigurationPlatforms) = preSolution
		BETA Debug|Any CPU = BETA Debug|Any CPU
		BETA Release|Any CPU = BETA Release|Any CPU
		Debug|Any CPU = Debug|Any CPU
		Distribution|Any CPU = Distribution|Any CPU
		Release Marshal|Any CPU = Release Marshal|Any CPU
		Release|Any CPU = Release|Any CPU
		Standard|Any CPU = Standard|Any CPU
		Trial Fixed Date Debug|Any CPU = Trial Fixed Date Debug|Any CPU
		Trial Fixed Date Release|Any CPU = Trial Fixed Date Release|Any CPU
		Trial Release|Any CPU = Trial Release|Any CPU
		Vertigo|Any CPU = Vertigo|Any CPU
	EndGlobalSection
	GlobalSection(ProjectConfigurationPlatforms) = postSolution
		{77CCAE13-E283-4677-B227-D39E75BA48EC}.BETA Debug|Any CPU.ActiveCfg = Debug|Any CPU
		{77CCAE13-E283-4677-B227-D39E75BA48EC}.BETA Debug|Any CPU.Build.0 = Debug|Any CPU
		{77CCAE13-E283-4677-B227-D39E75BA48EC}.BETA Release|Any CPU.ActiveCfg = Release|Any CPU
		{77CCAE13-E283-4677-B227-D39E75BA48EC}.BETA Release|Any CPU.Build.0 = Release|Any CPU
		{77CCAE13-E283-4677-B227-D39E75BA48EC}.Debug|Any CPU.ActiveCfg = Debug|Any CPU
		{77CCAE13-E283-4677-B227-D39E75BA48EC}.Debug|Any CPU.Build.0 = Debug|Any CPU
		{77CCAE13-E283-4677-B227-D39E75BA48EC}.Distribution|Any CPU.ActiveCfg = Debug|Any CPU
		{77CCAE13-E283-4677-B227-D39E75BA48EC}.Distribution|Any CPU.Build.0 = Debug|Any CPU
		{77CCAE13-E283-4677-B227-D39E75BA48EC}.Release Marshal|Any CPU.ActiveCfg = Release|Any CPU
		{77CCAE13-E283-4677-B227-D39E75BA48EC}.Release Marshal|Any CPU.Build.0 = Release|Any CPU
		{77CCAE13-E283-4677-B227-D39E75BA48EC}.Release|Any CPU.ActiveCfg = Release|Any CPU
		{77CCAE13-E283-4677-B227-D39E75BA48EC}.Release|Any CPU.Build.0 = Release|Any CPU
		{77CCAE13-E283-4677-B227-D39E75BA48EC}.Standard|Any CPU.ActiveCfg = Standard|Any CPU
		{77CCAE13-E283-4677-B227-D39E75BA48EC}.Standard|Any CPU.Build.0 = Standard|Any CPU
		{77CCAE13-E283-4677-B227-D39E75BA48EC}.Trial Fixed Date Debug|Any CPU.ActiveCfg = Debug|Any CPU
		{77CCAE13-E283-4677-B227-D39E75BA48EC}.Trial Fixed Date Debug|Any CPU.Build.0 = Debug|Any CPU
		{77CCAE13-E283-4677-B227-D39E75BA48EC}.Trial Fixed Date Release|Any CPU.ActiveCfg = Release|Any CPU
		{77CCAE13-E283-4677-B227-D39E75BA48EC}.Trial Fixed Date Release|Any CPU.Build.0 = Release|Any CPU
		{77CCAE13-E283-4677-B227-D39E75BA48EC}.Trial Release|Any CPU.ActiveCfg = Release|Any CPU
		{77CCAE13-E283-4677-B227-D39E75BA48EC}.Trial Release|Any CPU.Build.0 = Release|Any CPU
		{77CCAE13-E283-4677-B227-D39E75BA48EC}.Vertigo|Any CPU.ActiveCfg = Vertigo|Any CPU
		{77CCAE13-E283-4677-B227-D39E75BA48EC}.Vertigo|Any CPU.Build.0 = Vertigo|Any CPU
		{FB33A25D-2FD4-4456-BDAC-113D5E7CD9B4}.BETA Debug|Any CPU.ActiveCfg = Debug|Any CPU
		{FB33A25D-2FD4-4456-BDAC-113D5E7CD9B4}.BETA Debug|Any CPU.Build.0 = Debug|Any CPU
		{FB33A25D-2FD4-4456-BDAC-113D5E7CD9B4}.BETA Release|Any CPU.ActiveCfg = Release|Any CPU
		{FB33A25D-2FD4-4456-BDAC-113D5E7CD9B4}.BETA Release|Any CPU.Build.0 = Release|Any CPU
		{FB33A25D-2FD4-4456-BDAC-113D5E7CD9B4}.Debug|Any CPU.ActiveCfg = Debug|Any CPU
		{FB33A25D-2FD4-4456-BDAC-113D5E7CD9B4}.Debug|Any CPU.Build.0 = Debug|Any CPU
		{FB33A25D-2FD4-4456-BDAC-113D5E7CD9B4}.Distribution|Any CPU.ActiveCfg = Debug|Any CPU
		{FB33A25D-2FD4-4456-BDAC-113D5E7CD9B4}.Distribution|Any CPU.Build.0 = Debug|Any CPU
		{FB33A25D-2FD4-4456-BDAC-113D5E7CD9B4}.Release Marshal|Any CPU.ActiveCfg = Release|Any CPU
		{FB33A25D-2FD4-4456-BDAC-113D5E7CD9B4}.Release Marshal|Any CPU.Build.0 = Release|Any CPU
		{FB33A25D-2FD4-4456-BDAC-113D5E7CD9B4}.Release|Any CPU.ActiveCfg = Release|Any CPU
		{FB33A25D-2FD4-4456-BDAC-113D5E7CD9B4}.Release|Any CPU.Build.0 = Release|Any CPU
		{FB33A25D-2FD4-4456-BDAC-113D5E7CD9B4}.Standard|Any CPU.ActiveCfg = Standard|Any CPU
		{FB33A25D-2FD4-4456-BDAC-113D5E7CD9B4}.Standard|Any CPU.Build.0 = Standard|Any CPU
		{FB33A25D-2FD4-4456-BDAC-113D5E7CD9B4}.Trial Fixed Date Debug|Any CPU.ActiveCfg = Debug|Any CPU
		{FB33A25D-2FD4-4456-BDAC-113D5E7CD9B4}.Trial Fixed Date Debug|Any CPU.Build.0 = Debug|Any CPU
		{FB33A25D-2FD4-4456-BDAC-113D5E7CD9B4}.Trial Fixed Date Release|Any CPU.ActiveCfg = Release|Any CPU
		{FB33A25D-2FD4-4456-BDAC-113D5E7CD9B4}.Trial Fixed Date Release|Any CPU.Build.0 = Release|Any CPU
		{FB33A25D-2FD4-4456-BDAC-113D5E7CD9B4}.Trial Release|Any CPU.ActiveCfg = Trial Release|Any CPU
		{FB33A25D-2FD4-4456-BDAC-113D5E7CD9B4}.Trial Release|Any CPU.Build.0 = Trial Release|Any CPU
		{FB33A25D-2FD4-4456-BDAC-113D5E7CD9B4}.Vertigo|Any CPU.ActiveCfg = Vertigo|Any CPU
		{FB33A25D-2FD4-4456-BDAC-113D5E7CD9B4}.Vertigo|Any CPU.Build.0 = Vertigo|Any CPU
		{7F0018C6-DBB4-4D66-92FE-4B5078D45687}.BETA Debug|Any CPU.ActiveCfg = Debug
		{7F0018C6-DBB4-4D66-92FE-4B5078D45687}.BETA Debug|Any CPU.Build.0 = Debug
		{7F0018C6-DBB4-4D66-92FE-4B5078D45687}.BETA Release|Any CPU.ActiveCfg = Release
		{7F0018C6-DBB4-4D66-92FE-4B5078D45687}.BETA Release|Any CPU.Build.0 = Release
		{7F0018C6-DBB4-4D66-92FE-4B5078D45687}.Debug|Any CPU.ActiveCfg = Debug
		{7F0018C6-DBB4-4D66-92FE-4B5078D45687}.Distribution|Any CPU.ActiveCfg = Debug
		{7F0018C6-DBB4-4D66-92FE-4B5078D45687}.Distribution|Any CPU.Build.0 = Debug
		{7F0018C6-DBB4-4D66-92FE-4B5078D45687}.Release Marshal|Any CPU.ActiveCfg = Release
		{7F0018C6-DBB4-4D66-92FE-4B5078D45687}.Release Marshal|Any CPU.Build.0 = Release
		{7F0018C6-DBB4-4D66-92FE-4B5078D45687}.Release|Any CPU.ActiveCfg = Release
		{7F0018C6-DBB4-4D66-92FE-4B5078D45687}.Release|Any CPU.Build.0 = Release
		{7F0018C6-DBB4-4D66-92FE-4B5078D45687}.Standard|Any CPU.ActiveCfg = Release
		{7F0018C6-DBB4-4D66-92FE-4B5078D45687}.Standard|Any CPU.Build.0 = Release
		{7F0018C6-DBB4-4D66-92FE-4B5078D45687}.Trial Fixed Date Debug|Any CPU.ActiveCfg = Debug
		{7F0018C6-DBB4-4D66-92FE-4B5078D45687}.Trial Fixed Date Debug|Any CPU.Build.0 = Debug
		{7F0018C6-DBB4-4D66-92FE-4B5078D45687}.Trial Fixed Date Release|Any CPU.ActiveCfg = Release
		{7F0018C6-DBB4-4D66-92FE-4B5078D45687}.Trial Fixed Date Release|Any CPU.Build.0 = Release
		{7F0018C6-DBB4-4D66-92FE-4B5078D45687}.Trial Release|Any CPU.ActiveCfg = Release
		{7F0018C6-DBB4-4D66-92FE-4B5078D45687}.Trial Release|Any CPU.Build.0 = Release
		{7F0018C6-DBB4-4D66-92FE-4B5078D45687}.Vertigo|Any CPU.ActiveCfg = Release
		{7F0018C6-DBB4-4D66-92FE-4B5078D45687}.Vertigo|Any CPU.Build.0 = Release
		{12B07AE8-7877-4B7E-A1E4-BCF248D843DD}.BETA Debug|Any CPU.ActiveCfg = Debug|Any CPU
		{12B07AE8-7877-4B7E-A1E4-BCF248D843DD}.BETA Debug|Any CPU.Build.0 = Debug|Any CPU
		{12B07AE8-7877-4B7E-A1E4-BCF248D843DD}.BETA Release|Any CPU.ActiveCfg = Release|Any CPU
		{12B07AE8-7877-4B7E-A1E4-BCF248D843DD}.BETA Release|Any CPU.Build.0 = Release|Any CPU
		{12B07AE8-7877-4B7E-A1E4-BCF248D843DD}.Debug|Any CPU.ActiveCfg = Debug|Any CPU
		{12B07AE8-7877-4B7E-A1E4-BCF248D843DD}.Debug|Any CPU.Build.0 = Debug|Any CPU
		{12B07AE8-7877-4B7E-A1E4-BCF248D843DD}.Distribution|Any CPU.ActiveCfg = Debug|Any CPU
		{12B07AE8-7877-4B7E-A1E4-BCF248D843DD}.Distribution|Any CPU.Build.0 = Debug|Any CPU
		{12B07AE8-7877-4B7E-A1E4-BCF248D843DD}.Release Marshal|Any CPU.ActiveCfg = Release|Any CPU
		{12B07AE8-7877-4B7E-A1E4-BCF248D843DD}.Release Marshal|Any CPU.Build.0 = Release|Any CPU
		{12B07AE8-7877-4B7E-A1E4-BCF248D843DD}.Release|Any CPU.ActiveCfg = Release|Any CPU
		{12B07AE8-7877-4B7E-A1E4-BCF248D843DD}.Release|Any CPU.Build.0 = Release|Any CPU
		{12B07AE8-7877-4B7E-A1E4-BCF248D843DD}.Standard|Any CPU.ActiveCfg = Release|Any CPU
		{12B07AE8-7877-4B7E-A1E4-BCF248D843DD}.Standard|Any CPU.Build.0 = Release|Any CPU
		{12B07AE8-7877-4B7E-A1E4-BCF248D843DD}.Trial Fixed Date Debug|Any CPU.ActiveCfg = Debug|Any CPU
		{12B07AE8-7877-4B7E-A1E4-BCF248D843DD}.Trial Fixed Date Debug|Any CPU.Build.0 = Debug|Any CPU
		{12B07AE8-7877-4B7E-A1E4-BCF248D843DD}.Trial Fixed Date Release|Any CPU.ActiveCfg = Release|Any CPU
		{12B07AE8-7877-4B7E-A1E4-BCF248D843DD}.Trial Fixed Date Release|Any CPU.Build.0 = Release|Any CPU
		{12B07AE8-7877-4B7E-A1E4-BCF248D843DD}.Trial Release|Any CPU.ActiveCfg = Release|Any CPU
		{12B07AE8-7877-4B7E-A1E4-BCF248D843DD}.Trial Release|Any CPU.Build.0 = Release|Any CPU
		{12B07AE8-7877-4B7E-A1E4-BCF248D843DD}.Vertigo|Any CPU.ActiveCfg = Release|Any CPU
		{12B07AE8-7877-4B7E-A1E4-BCF248D843DD}.Vertigo|Any CPU.Build.0 = Release|Any CPU
		{07620E7A-1355-41BB-A084-B72B24401F4B}.BETA Debug|Any CPU.ActiveCfg = BETA Debug|Any CPU
		{07620E7A-1355-41BB-A084-B72B24401F4B}.BETA Debug|Any CPU.Build.0 = BETA Debug|Any CPU
		{07620E7A-1355-41BB-A084-B72B24401F4B}.BETA Release|Any CPU.ActiveCfg = BETA Release|Any CPU
		{07620E7A-1355-41BB-A084-B72B24401F4B}.BETA Release|Any CPU.Build.0 = BETA Release|Any CPU
		{07620E7A-1355-41BB-A084-B72B24401F4B}.Debug|Any CPU.ActiveCfg = Debug|Any CPU
		{07620E7A-1355-41BB-A084-B72B24401F4B}.Debug|Any CPU.Build.0 = Debug|Any CPU
		{07620E7A-1355-41BB-A084-B72B24401F4B}.Distribution|Any CPU.ActiveCfg = Debug|Any CPU
		{07620E7A-1355-41BB-A084-B72B24401F4B}.Distribution|Any CPU.Build.0 = Debug|Any CPU
		{07620E7A-1355-41BB-A084-B72B24401F4B}.Release Marshal|Any CPU.ActiveCfg = Release|Any CPU
		{07620E7A-1355-41BB-A084-B72B24401F4B}.Release Marshal|Any CPU.Build.0 = Release|Any CPU
		{07620E7A-1355-41BB-A084-B72B24401F4B}.Release|Any CPU.ActiveCfg = Release|Any CPU
		{07620E7A-1355-41BB-A084-B72B24401F4B}.Release|Any CPU.Build.0 = Release|Any CPU
		{07620E7A-1355-41BB-A084-B72B24401F4B}.Standard|Any CPU.ActiveCfg = Trial Fixed Date Release|Any CPU
		{07620E7A-1355-41BB-A084-B72B24401F4B}.Standard|Any CPU.Build.0 = Trial Fixed Date Release|Any CPU
		{07620E7A-1355-41BB-A084-B72B24401F4B}.Trial Fixed Date Debug|Any CPU.ActiveCfg = Trial Fixed Date Debug|Any CPU
		{07620E7A-1355-41BB-A084-B72B24401F4B}.Trial Fixed Date Debug|Any CPU.Build.0 = Trial Fixed Date Debug|Any CPU
		{07620E7A-1355-41BB-A084-B72B24401F4B}.Trial Fixed Date Release|Any CPU.ActiveCfg = Trial Fixed Date Release|Any CPU
		{07620E7A-1355-41BB-A084-B72B24401F4B}.Trial Fixed Date Release|Any CPU.Build.0 = Trial Fixed Date Release|Any CPU
		{07620E7A-1355-41BB-A084-B72B24401F4B}.Trial Release|Any CPU.ActiveCfg = Release|Any CPU
		{07620E7A-1355-41BB-A084-B72B24401F4B}.Trial Release|Any CPU.Build.0 = Release|Any CPU
		{07620E7A-1355-41BB-A084-B72B24401F4B}.Vertigo|Any CPU.ActiveCfg = Trial Fixed Date Release|Any CPU
		{07620E7A-1355-41BB-A084-B72B24401F4B}.Vertigo|Any CPU.Build.0 = Trial Fixed Date Release|Any CPU
		{21087F5B-F4A5-4A86-A18D-C8EDF4264D6C}.BETA Debug|Any CPU.ActiveCfg = Debug|Any CPU
		{21087F5B-F4A5-4A86-A18D-C8EDF4264D6C}.BETA Debug|Any CPU.Build.0 = Debug|Any CPU
		{21087F5B-F4A5-4A86-A18D-C8EDF4264D6C}.BETA Release|Any CPU.ActiveCfg = Release|Any CPU
		{21087F5B-F4A5-4A86-A18D-C8EDF4264D6C}.BETA Release|Any CPU.Build.0 = Release|Any CPU
		{21087F5B-F4A5-4A86-A18D-C8EDF4264D6C}.Debug|Any CPU.ActiveCfg = Debug|Any CPU
		{21087F5B-F4A5-4A86-A18D-C8EDF4264D6C}.Debug|Any CPU.Build.0 = Debug|Any CPU
		{21087F5B-F4A5-4A86-A18D-C8EDF4264D6C}.Distribution|Any CPU.ActiveCfg = Debug|Any CPU
		{21087F5B-F4A5-4A86-A18D-C8EDF4264D6C}.Distribution|Any CPU.Build.0 = Debug|Any CPU
		{21087F5B-F4A5-4A86-A18D-C8EDF4264D6C}.Release Marshal|Any CPU.ActiveCfg = Release|Any CPU
		{21087F5B-F4A5-4A86-A18D-C8EDF4264D6C}.Release Marshal|Any CPU.Build.0 = Release|Any CPU
		{21087F5B-F4A5-4A86-A18D-C8EDF4264D6C}.Release|Any CPU.ActiveCfg = Release|Any CPU
		{21087F5B-F4A5-4A86-A18D-C8EDF4264D6C}.Release|Any CPU.Build.0 = Release|Any CPU
		{21087F5B-F4A5-4A86-A18D-C8EDF4264D6C}.Standard|Any CPU.ActiveCfg = Release|Any CPU
		{21087F5B-F4A5-4A86-A18D-C8EDF4264D6C}.Standard|Any CPU.Build.0 = Release|Any CPU
		{21087F5B-F4A5-4A86-A18D-C8EDF4264D6C}.Trial Fixed Date Debug|Any CPU.ActiveCfg = Debug|Any CPU
		{21087F5B-F4A5-4A86-A18D-C8EDF4264D6C}.Trial Fixed Date Debug|Any CPU.Build.0 = Debug|Any CPU
		{21087F5B-F4A5-4A86-A18D-C8EDF4264D6C}.Trial Fixed Date Release|Any CPU.ActiveCfg = Release|Any CPU
		{21087F5B-F4A5-4A86-A18D-C8EDF4264D6C}.Trial Fixed Date Release|Any CPU.Build.0 = Release|Any CPU
		{21087F5B-F4A5-4A86-A18D-C8EDF4264D6C}.Trial Release|Any CPU.ActiveCfg = Release|Any CPU
		{21087F5B-F4A5-4A86-A18D-C8EDF4264D6C}.Trial Release|Any CPU.Build.0 = Release|Any CPU
		{21087F5B-F4A5-4A86-A18D-C8EDF4264D6C}.Vertigo|Any CPU.ActiveCfg = Release|Any CPU
		{21087F5B-F4A5-4A86-A18D-C8EDF4264D6C}.Vertigo|Any CPU.Build.0 = Release|Any CPU
		{B10BBF30-1665-4E24-9F7E-7F248A44A0A9}.BETA Debug|Any CPU.ActiveCfg = Debug|Any CPU
		{B10BBF30-1665-4E24-9F7E-7F248A44A0A9}.BETA Debug|Any CPU.Build.0 = Debug|Any CPU
		{B10BBF30-1665-4E24-9F7E-7F248A44A0A9}.BETA Release|Any CPU.ActiveCfg = Release|Any CPU
		{B10BBF30-1665-4E24-9F7E-7F248A44A0A9}.BETA Release|Any CPU.Build.0 = Release|Any CPU
		{B10BBF30-1665-4E24-9F7E-7F248A44A0A9}.Debug|Any CPU.ActiveCfg = Debug|Any CPU
		{B10BBF30-1665-4E24-9F7E-7F248A44A0A9}.Debug|Any CPU.Build.0 = Debug|Any CPU
		{B10BBF30-1665-4E24-9F7E-7F248A44A0A9}.Distribution|Any CPU.ActiveCfg = Debug|Any CPU
		{B10BBF30-1665-4E24-9F7E-7F248A44A0A9}.Distribution|Any CPU.Build.0 = Debug|Any CPU
		{B10BBF30-1665-4E24-9F7E-7F248A44A0A9}.Release Marshal|Any CPU.ActiveCfg = Release|Any CPU
		{B10BBF30-1665-4E24-9F7E-7F248A44A0A9}.Release Marshal|Any CPU.Build.0 = Release|Any CPU
		{B10BBF30-1665-4E24-9F7E-7F248A44A0A9}.Release|Any CPU.ActiveCfg = Release|Any CPU
		{B10BBF30-1665-4E24-9F7E-7F248A44A0A9}.Release|Any CPU.Build.0 = Release|Any CPU
		{B10BBF30-1665-4E24-9F7E-7F248A44A0A9}.Standard|Any CPU.ActiveCfg = Release|Any CPU
		{B10BBF30-1665-4E24-9F7E-7F248A44A0A9}.Standard|Any CPU.Build.0 = Release|Any CPU
		{B10BBF30-1665-4E24-9F7E-7F248A44A0A9}.Trial Fixed Date Debug|Any CPU.ActiveCfg = Debug|Any CPU
		{B10BBF30-1665-4E24-9F7E-7F248A44A0A9}.Trial Fixed Date Debug|Any CPU.Build.0 = Debug|Any CPU
		{B10BBF30-1665-4E24-9F7E-7F248A44A0A9}.Trial Fixed Date Release|Any CPU.ActiveCfg = Release|Any CPU
		{B10BBF30-1665-4E24-9F7E-7F248A44A0A9}.Trial Fixed Date Release|Any CPU.Build.0 = Release|Any CPU
		{B10BBF30-1665-4E24-9F7E-7F248A44A0A9}.Trial Release|Any CPU.ActiveCfg = Release|Any CPU
		{B10BBF30-1665-4E24-9F7E-7F248A44A0A9}.Trial Release|Any CPU.Build.0 = Release|Any CPU
		{B10BBF30-1665-4E24-9F7E-7F248A44A0A9}.Vertigo|Any CPU.ActiveCfg = Release|Any CPU
		{B10BBF30-1665-4E24-9F7E-7F248A44A0A9}.Vertigo|Any CPU.Build.0 = Release|Any CPU
		{E65E04EE-9697-484F-9E3D-E3D5A6F844BC}.BETA Debug|Any CPU.ActiveCfg = Debug|Any CPU
		{E65E04EE-9697-484F-9E3D-E3D5A6F844BC}.BETA Debug|Any CPU.Build.0 = Debug|Any CPU
		{E65E04EE-9697-484F-9E3D-E3D5A6F844BC}.BETA Release|Any CPU.ActiveCfg = Release|Any CPU
		{E65E04EE-9697-484F-9E3D-E3D5A6F844BC}.BETA Release|Any CPU.Build.0 = Release|Any CPU
		{E65E04EE-9697-484F-9E3D-E3D5A6F844BC}.Debug|Any CPU.ActiveCfg = Debug|Any CPU
		{E65E04EE-9697-484F-9E3D-E3D5A6F844BC}.Debug|Any CPU.Build.0 = Debug|Any CPU
		{E65E04EE-9697-484F-9E3D-E3D5A6F844BC}.Distribution|Any CPU.ActiveCfg = Distribution|Any CPU
		{E65E04EE-9697-484F-9E3D-E3D5A6F844BC}.Distribution|Any CPU.Build.0 = Distribution|Any CPU
		{E65E04EE-9697-484F-9E3D-E3D5A6F844BC}.Release Marshal|Any CPU.ActiveCfg = Release Marshal|Any CPU
		{E65E04EE-9697-484F-9E3D-E3D5A6F844BC}.Release Marshal|Any CPU.Build.0 = Release Marshal|Any CPU
		{E65E04EE-9697-484F-9E3D-E3D5A6F844BC}.Release|Any CPU.ActiveCfg = Release|Any CPU
		{E65E04EE-9697-484F-9E3D-E3D5A6F844BC}.Release|Any CPU.Build.0 = Release|Any CPU
		{E65E04EE-9697-484F-9E3D-E3D5A6F844BC}.Standard|Any CPU.ActiveCfg = Distribution|Any CPU
		{E65E04EE-9697-484F-9E3D-E3D5A6F844BC}.Standard|Any CPU.Build.0 = Distribution|Any CPU
		{E65E04EE-9697-484F-9E3D-E3D5A6F844BC}.Trial Fixed Date Debug|Any CPU.ActiveCfg = Debug|Any CPU
		{E65E04EE-9697-484F-9E3D-E3D5A6F844BC}.Trial Fixed Date Debug|Any CPU.Build.0 = Debug|Any CPU
		{E65E04EE-9697-484F-9E3D-E3D5A6F844BC}.Trial Fixed Date Release|Any CPU.ActiveCfg = Release|Any CPU
		{E65E04EE-9697-484F-9E3D-E3D5A6F844BC}.Trial Fixed Date Release|Any CPU.Build.0 = Release|Any CPU
		{E65E04EE-9697-484F-9E3D-E3D5A6F844BC}.Trial Release|Any CPU.ActiveCfg = Release|Any CPU
		{E65E04EE-9697-484F-9E3D-E3D5A6F844BC}.Trial Release|Any CPU.Build.0 = Release|Any CPU
		{E65E04EE-9697-484F-9E3D-E3D5A6F844BC}.Vertigo|Any CPU.ActiveCfg = Distribution|Any CPU
		{E65E04EE-9697-484F-9E3D-E3D5A6F844BC}.Vertigo|Any CPU.Build.0 = Distribution|Any CPU
		{317F8980-564D-423D-945F-D7A9F4A8043D}.BETA Debug|Any CPU.ActiveCfg = Debug|Any CPU
		{317F8980-564D-423D-945F-D7A9F4A8043D}.BETA Debug|Any CPU.Build.0 = Debug|Any CPU
		{317F8980-564D-423D-945F-D7A9F4A8043D}.BETA Release|Any CPU.ActiveCfg = Release|Any CPU
		{317F8980-564D-423D-945F-D7A9F4A8043D}.BETA Release|Any CPU.Build.0 = Release|Any CPU
		{317F8980-564D-423D-945F-D7A9F4A8043D}.Debug|Any CPU.ActiveCfg = Debug|Any CPU
		{317F8980-564D-423D-945F-D7A9F4A8043D}.Debug|Any CPU.Build.0 = Debug|Any CPU
		{317F8980-564D-423D-945F-D7A9F4A8043D}.Distribution|Any CPU.ActiveCfg = Debug|Any CPU
		{317F8980-564D-423D-945F-D7A9F4A8043D}.Distribution|Any CPU.Build.0 = Debug|Any CPU
		{317F8980-564D-423D-945F-D7A9F4A8043D}.Release Marshal|Any CPU.ActiveCfg = Release|Any CPU
		{317F8980-564D-423D-945F-D7A9F4A8043D}.Release Marshal|Any CPU.Build.0 = Release|Any CPU
		{317F8980-564D-423D-945F-D7A9F4A8043D}.Release|Any CPU.ActiveCfg = Release|Any CPU
		{317F8980-564D-423D-945F-D7A9F4A8043D}.Release|Any CPU.Build.0 = Release|Any CPU
		{317F8980-564D-423D-945F-D7A9F4A8043D}.Standard|Any CPU.ActiveCfg = Release|Any CPU
		{317F8980-564D-423D-945F-D7A9F4A8043D}.Standard|Any CPU.Build.0 = Release|Any CPU
		{317F8980-564D-423D-945F-D7A9F4A8043D}.Trial Fixed Date Debug|Any CPU.ActiveCfg = Debug|Any CPU
		{317F8980-564D-423D-945F-D7A9F4A8043D}.Trial Fixed Date Debug|Any CPU.Build.0 = Debug|Any CPU
		{317F8980-564D-423D-945F-D7A9F4A8043D}.Trial Fixed Date Release|Any CPU.ActiveCfg = Release|Any CPU
		{317F8980-564D-423D-945F-D7A9F4A8043D}.Trial Fixed Date Release|Any CPU.Build.0 = Release|Any CPU
		{317F8980-564D-423D-945F-D7A9F4A8043D}.Trial Release|Any CPU.ActiveCfg = Release|Any CPU
		{317F8980-564D-423D-945F-D7A9F4A8043D}.Trial Release|Any CPU.Build.0 = Release|Any CPU
		{317F8980-564D-423D-945F-D7A9F4A8043D}.Vertigo|Any CPU.ActiveCfg = Release|Any CPU
		{317F8980-564D-423D-945F-D7A9F4A8043D}.Vertigo|Any CPU.Build.0 = Release|Any CPU
		{41259FBA-4939-495B-BDF8-7B75F3B7DB98}.BETA Debug|Any CPU.ActiveCfg = Debug|Any CPU
		{41259FBA-4939-495B-BDF8-7B75F3B7DB98}.BETA Debug|Any CPU.Build.0 = Debug|Any CPU
		{41259FBA-4939-495B-BDF8-7B75F3B7DB98}.BETA Release|Any CPU.ActiveCfg = Release|Any CPU
		{41259FBA-4939-495B-BDF8-7B75F3B7DB98}.BETA Release|Any CPU.Build.0 = Release|Any CPU
		{41259FBA-4939-495B-BDF8-7B75F3B7DB98}.Debug|Any CPU.ActiveCfg = Debug|Any CPU
		{41259FBA-4939-495B-BDF8-7B75F3B7DB98}.Debug|Any CPU.Build.0 = Debug|Any CPU
		{41259FBA-4939-495B-BDF8-7B75F3B7DB98}.Distribution|Any CPU.ActiveCfg = Debug|Any CPU
		{41259FBA-4939-495B-BDF8-7B75F3B7DB98}.Distribution|Any CPU.Build.0 = Debug|Any CPU
		{41259FBA-4939-495B-BDF8-7B75F3B7DB98}.Release Marshal|Any CPU.ActiveCfg = Release|Any CPU
		{41259FBA-4939-495B-BDF8-7B75F3B7DB98}.Release Marshal|Any CPU.Build.0 = Release|Any CPU
		{41259FBA-4939-495B-BDF8-7B75F3B7DB98}.Release|Any CPU.ActiveCfg = Release|Any CPU
		{41259FBA-4939-495B-BDF8-7B75F3B7DB98}.Release|Any CPU.Build.0 = Release|Any CPU
		{41259FBA-4939-495B-BDF8-7B75F3B7DB98}.Standard|Any CPU.ActiveCfg = Release|Any CPU
		{41259FBA-4939-495B-BDF8-7B75F3B7DB98}.Standard|Any CPU.Build.0 = Release|Any CPU
		{41259FBA-4939-495B-BDF8-7B75F3B7DB98}.Trial Fixed Date Debug|Any CPU.ActiveCfg = Debug|Any CPU
		{41259FBA-4939-495B-BDF8-7B75F3B7DB98}.Trial Fixed Date Debug|Any CPU.Build.0 = Debug|Any CPU
		{41259FBA-4939-495B-BDF8-7B75F3B7DB98}.Trial Fixed Date Release|Any CPU.ActiveCfg = Release|Any CPU
		{41259FBA-4939-495B-BDF8-7B75F3B7DB98}.Trial Fixed Date Release|Any CPU.Build.0 = Release|Any CPU
		{41259FBA-4939-495B-BDF8-7B75F3B7DB98}.Trial Release|Any CPU.ActiveCfg = Release|Any CPU
		{41259FBA-4939-495B-BDF8-7B75F3B7DB98}.Trial Release|Any CPU.Build.0 = Release|Any CPU
		{41259FBA-4939-495B-BDF8-7B75F3B7DB98}.Vertigo|Any CPU.ActiveCfg = Release|Any CPU
		{41259FBA-4939-495B-BDF8-7B75F3B7DB98}.Vertigo|Any CPU.Build.0 = Release|Any CPU
	EndGlobalSection
	GlobalSection(SolutionProperties) = preSolution
		HideSolutionNode = FALSE
	EndGlobalSection
EndGlobal
