
Microsoft Visual Studio Solution File, Format Version 9.00
# Visual Studio 2005
Project("{FAE04EC0-301F-11D3-BF4B-00C04F79EFBC}") = "ISSHelper", "ISSHelper.csproj", "{D016AD1A-3AFD-4BB9-A53C-D5F67058BA8D}"
EndProject
Global
	GlobalSection(SolutionConfigurationPlatforms) = preSolution
		Debug|Any CPU = Debug|Any CPU
		Release|Any CPU = Release|Any CPU
	EndGlobalSection
	GlobalSection(ProjectConfigurationPlatforms) = postSolution
		{D016AD1A-3AFD-4BB9-A53C-D5F67058BA8D}.Debug|Any CPU.ActiveCfg = Debug|Any CPU
		{D016AD1A-3AFD-4BB9-A53C-D5F67058BA8D}.Debug|Any CPU.Build.0 = Debug|Any CPU
		{D016AD1A-3AFD-4BB9-A53C-D5F67058BA8D}.Release|Any CPU.ActiveCfg = Release|Any CPU
		{D016AD1A-3AFD-4BB9-A53C-D5F67058BA8D}.Release|Any CPU.Build.0 = Release|Any CPU
	EndGlobalSection
	GlobalSection(SolutionProperties) = preSolution
		HideSolutionNode = FALSE
	EndGlobalSection
EndGlobal
