
Microsoft Visual Studio Solution File, Format Version 9.00
# Visual Studio 2005
Project("{FAE04EC0-301F-11D3-BF4B-00C04F79EFBC}") = "ModelStencilEditor", "ModelStencilEditor\ModelStencilEditor.csproj", "{A42E3DDA-5D4A-46C7-A2FA-F28C2723253F}"
EndProject
Global
	GlobalSection(SolutionConfigurationPlatforms) = preSolution
		Debug|Any CPU = Debug|Any CPU
		Release|Any CPU = Release|Any CPU
	EndGlobalSection
	GlobalSection(ProjectConfigurationPlatforms) = postSolution
		{A42E3DDA-5D4A-46C7-A2FA-F28C2723253F}.Debug|Any CPU.ActiveCfg = Debug|Any CPU
		{A42E3DDA-5D4A-46C7-A2FA-F28C2723253F}.Debug|Any CPU.Build.0 = Debug|Any CPU
		{A42E3DDA-5D4A-46C7-A2FA-F28C2723253F}.Release|Any CPU.ActiveCfg = Release|Any CPU
		{A42E3DDA-5D4A-46C7-A2FA-F28C2723253F}.Release|Any CPU.Build.0 = Release|Any CPU
	EndGlobalSection
	GlobalSection(SolutionProperties) = preSolution
		HideSolutionNode = FALSE
	EndGlobalSection
EndGlobal
