
Microsoft Visual Studio Solution File, Format Version 9.00
# Visual Studio 2005
Project("{FAE04EC0-301F-11D3-BF4B-00C04F79EFBC}") = "StencilEditor", "StencilEditor\StencilEditor.csproj", "{95726403-BFAA-470E-846D-306FDC6103AF}"
EndProject
Project("{FAE04EC0-301F-11D3-BF4B-00C04F79EFBC}") = "FlowChart.NET.8", "..\FlowChart.NET\FlowChart.NET.8.csproj", "{FB33A25D-2FD4-4456-BDAC-113D5E7CD9B4}"
EndProject
Project("{FAE04EC0-301F-11D3-BF4B-00C04F79EFBC}") = "Interface.8", "..\..\Interfaces\Interface.8.csproj", "{742CEAF6-CB09-4218-9D6F-8176A31BBC2D}"
EndProject
Global
	GlobalSection(SolutionConfigurationPlatforms) = preSolution
		Debug|Any CPU = Debug|Any CPU
		Release_Dbg|Any CPU = Release_Dbg|Any CPU
		Release|Any CPU = Release|Any CPU
		Standard|Any CPU = Standard|Any CPU
		Trial Release|Any CPU = Trial Release|Any CPU
	EndGlobalSection
	GlobalSection(ProjectConfigurationPlatforms) = postSolution
		{95726403-BFAA-470E-846D-306FDC6103AF}.Debug|Any CPU.ActiveCfg = Debug|Any CPU
		{95726403-BFAA-470E-846D-306FDC6103AF}.Debug|Any CPU.Build.0 = Debug|Any CPU
		{95726403-BFAA-470E-846D-306FDC6103AF}.Release_Dbg|Any CPU.ActiveCfg = Release|Any CPU
		{95726403-BFAA-470E-846D-306FDC6103AF}.Release_Dbg|Any CPU.Build.0 = Release|Any CPU
		{95726403-BFAA-470E-846D-306FDC6103AF}.Release|Any CPU.ActiveCfg = Release|Any CPU
		{95726403-BFAA-470E-846D-306FDC6103AF}.Release|Any CPU.Build.0 = Release|Any CPU
		{95726403-BFAA-470E-846D-306FDC6103AF}.Standard|Any CPU.ActiveCfg = Release|Any CPU
		{95726403-BFAA-470E-846D-306FDC6103AF}.Standard|Any CPU.Build.0 = Release|Any CPU
		{95726403-BFAA-470E-846D-306FDC6103AF}.Trial Release|Any CPU.ActiveCfg = Release|Any CPU
		{95726403-BFAA-470E-846D-306FDC6103AF}.Trial Release|Any CPU.Build.0 = Release|Any CPU
		{FB33A25D-2FD4-4456-BDAC-113D5E7CD9B4}.Debug|Any CPU.ActiveCfg = Debug|Any CPU
		{FB33A25D-2FD4-4456-BDAC-113D5E7CD9B4}.Debug|Any CPU.Build.0 = Debug|Any CPU
		{FB33A25D-2FD4-4456-BDAC-113D5E7CD9B4}.Release_Dbg|Any CPU.ActiveCfg = Release_Dbg|Any CPU
		{FB33A25D-2FD4-4456-BDAC-113D5E7CD9B4}.Release_Dbg|Any CPU.Build.0 = Release_Dbg|Any CPU
		{FB33A25D-2FD4-4456-BDAC-113D5E7CD9B4}.Release|Any CPU.ActiveCfg = Release|Any CPU
		{FB33A25D-2FD4-4456-BDAC-113D5E7CD9B4}.Release|Any CPU.Build.0 = Release|Any CPU
		{FB33A25D-2FD4-4456-BDAC-113D5E7CD9B4}.Standard|Any CPU.ActiveCfg = Standard|Any CPU
		{FB33A25D-2FD4-4456-BDAC-113D5E7CD9B4}.Standard|Any CPU.Build.0 = Standard|Any CPU
		{FB33A25D-2FD4-4456-BDAC-113D5E7CD9B4}.Trial Release|Any CPU.ActiveCfg = Trial Release|Any CPU
		{FB33A25D-2FD4-4456-BDAC-113D5E7CD9B4}.Trial Release|Any CPU.Build.0 = Trial Release|Any CPU
		{742CEAF6-CB09-4218-9D6F-8176A31BBC2D}.Debug|Any CPU.ActiveCfg = Debug|Any CPU
		{742CEAF6-CB09-4218-9D6F-8176A31BBC2D}.Debug|Any CPU.Build.0 = Debug|Any CPU
		{742CEAF6-CB09-4218-9D6F-8176A31BBC2D}.Release_Dbg|Any CPU.ActiveCfg = Release|Any CPU
		{742CEAF6-CB09-4218-9D6F-8176A31BBC2D}.Release_Dbg|Any CPU.Build.0 = Release|Any CPU
		{742CEAF6-CB09-4218-9D6F-8176A31BBC2D}.Release|Any CPU.ActiveCfg = Release|Any CPU
		{742CEAF6-CB09-4218-9D6F-8176A31BBC2D}.Release|Any CPU.Build.0 = Release|Any CPU
		{742CEAF6-CB09-4218-9D6F-8176A31BBC2D}.Standard|Any CPU.ActiveCfg = Release|Any CPU
		{742CEAF6-CB09-4218-9D6F-8176A31BBC2D}.Standard|Any CPU.Build.0 = Release|Any CPU
		{742CEAF6-CB09-4218-9D6F-8176A31BBC2D}.Trial Release|Any CPU.ActiveCfg = Release|Any CPU
		{742CEAF6-CB09-4218-9D6F-8176A31BBC2D}.Trial Release|Any CPU.Build.0 = Release|Any CPU
	EndGlobalSection
	GlobalSection(SolutionProperties) = preSolution
		HideSolutionNode = FALSE
	EndGlobalSection
EndGlobal
