
Microsoft Visual Studio Solution File, Format Version 10.00
# Visual Studio 2008
Project("{FAE04EC0-301F-11D3-BF4B-00C04F79EFBC}") = "StencilEditor", "StencilEditor\StencilEditor.csproj", "{95726403-BFAA-470E-846D-306FDC6103AF}"
EndProject
Project("{54435603-DBB4-11D2-8724-00A0C9A8B90C}") = "Setup", "Setup\Setup.vdproj", "{377549B9-FDB2-4327-829C-99D530E17FFB}"
EndProject
Project("{FAE04EC0-301F-11D3-BF4B-00C04F79EFBC}") = "FlowChart.NET", "..\FlowChart.NET\FlowChart.NET.csproj", "{FB33A25D-2FD4-4456-BDAC-113D5E7CD9B4}"
EndProject
Project("{FAE04EC0-301F-11D3-BF4B-00C04F79EFBC}") = "Protocol", "..\..\Protocol\Protocol.csproj", "{E65E04EE-9697-484F-9E3D-E3D5A6F844BC}"
EndProject
Global
	GlobalSection(SolutionConfigurationPlatforms) = preSolution
		Debug|Any CPU = Debug|Any CPU
		Distribution|Any CPU = Distribution|Any CPU
		Release Marshal|Any CPU = Release Marshal|Any CPU
		Release_Dbg|Any CPU = Release_Dbg|Any CPU
		Release|Any CPU = Release|Any CPU
		Standard|Any CPU = Standard|Any CPU
		Trial Release|Any CPU = Trial Release|Any CPU
	EndGlobalSection
	GlobalSection(ProjectConfigurationPlatforms) = postSolution
		{95726403-BFAA-470E-846D-306FDC6103AF}.Debug|Any CPU.ActiveCfg = Debug|Any CPU
		{95726403-BFAA-470E-846D-306FDC6103AF}.Debug|Any CPU.Build.0 = Debug|Any CPU
		{95726403-BFAA-470E-846D-306FDC6103AF}.Distribution|Any CPU.ActiveCfg = Debug|Any CPU
		{95726403-BFAA-470E-846D-306FDC6103AF}.Distribution|Any CPU.Build.0 = Debug|Any CPU
		{95726403-BFAA-470E-846D-306FDC6103AF}.Release Marshal|Any CPU.ActiveCfg = Release|Any CPU
		{95726403-BFAA-470E-846D-306FDC6103AF}.Release Marshal|Any CPU.Build.0 = Release|Any CPU
		{95726403-BFAA-470E-846D-306FDC6103AF}.Release_Dbg|Any CPU.ActiveCfg = Release|Any CPU
		{95726403-BFAA-470E-846D-306FDC6103AF}.Release_Dbg|Any CPU.Build.0 = Release|Any CPU
		{95726403-BFAA-470E-846D-306FDC6103AF}.Release|Any CPU.ActiveCfg = Release|Any CPU
		{95726403-BFAA-470E-846D-306FDC6103AF}.Release|Any CPU.Build.0 = Release|Any CPU
		{95726403-BFAA-470E-846D-306FDC6103AF}.Standard|Any CPU.ActiveCfg = Release|Any CPU
		{95726403-BFAA-470E-846D-306FDC6103AF}.Standard|Any CPU.Build.0 = Release|Any CPU
		{95726403-BFAA-470E-846D-306FDC6103AF}.Trial Release|Any CPU.ActiveCfg = Release|Any CPU
		{95726403-BFAA-470E-846D-306FDC6103AF}.Trial Release|Any CPU.Build.0 = Release|Any CPU
		{377549B9-FDB2-4327-829C-99D530E17FFB}.Debug|Any CPU.ActiveCfg = Debug
		{377549B9-FDB2-4327-829C-99D530E17FFB}.Debug|Any CPU.Build.0 = Debug
		{377549B9-FDB2-4327-829C-99D530E17FFB}.Distribution|Any CPU.ActiveCfg = Debug
		{377549B9-FDB2-4327-829C-99D530E17FFB}.Distribution|Any CPU.Build.0 = Debug
		{377549B9-FDB2-4327-829C-99D530E17FFB}.Release Marshal|Any CPU.ActiveCfg = Release
		{377549B9-FDB2-4327-829C-99D530E17FFB}.Release Marshal|Any CPU.Build.0 = Release
		{377549B9-FDB2-4327-829C-99D530E17FFB}.Release_Dbg|Any CPU.ActiveCfg = Release
		{377549B9-FDB2-4327-829C-99D530E17FFB}.Release|Any CPU.ActiveCfg = Release
		{377549B9-FDB2-4327-829C-99D530E17FFB}.Release|Any CPU.Build.0 = Release
		{377549B9-FDB2-4327-829C-99D530E17FFB}.Standard|Any CPU.ActiveCfg = Release
		{377549B9-FDB2-4327-829C-99D530E17FFB}.Trial Release|Any CPU.ActiveCfg = Release
		{FB33A25D-2FD4-4456-BDAC-113D5E7CD9B4}.Debug|Any CPU.ActiveCfg = Debug|Any CPU
		{FB33A25D-2FD4-4456-BDAC-113D5E7CD9B4}.Debug|Any CPU.Build.0 = Debug|Any CPU
		{FB33A25D-2FD4-4456-BDAC-113D5E7CD9B4}.Distribution|Any CPU.ActiveCfg = Debug|Any CPU
		{FB33A25D-2FD4-4456-BDAC-113D5E7CD9B4}.Distribution|Any CPU.Build.0 = Debug|Any CPU
		{FB33A25D-2FD4-4456-BDAC-113D5E7CD9B4}.Release Marshal|Any CPU.ActiveCfg = Release|Any CPU
		{FB33A25D-2FD4-4456-BDAC-113D5E7CD9B4}.Release Marshal|Any CPU.Build.0 = Release|Any CPU
		{FB33A25D-2FD4-4456-BDAC-113D5E7CD9B4}.Release_Dbg|Any CPU.ActiveCfg = Release|Any CPU
		{FB33A25D-2FD4-4456-BDAC-113D5E7CD9B4}.Release_Dbg|Any CPU.Build.0 = Release|Any CPU
		{FB33A25D-2FD4-4456-BDAC-113D5E7CD9B4}.Release|Any CPU.ActiveCfg = Release|Any CPU
		{FB33A25D-2FD4-4456-BDAC-113D5E7CD9B4}.Release|Any CPU.Build.0 = Release|Any CPU
		{FB33A25D-2FD4-4456-BDAC-113D5E7CD9B4}.Standard|Any CPU.ActiveCfg = Standard|Any CPU
		{FB33A25D-2FD4-4456-BDAC-113D5E7CD9B4}.Standard|Any CPU.Build.0 = Standard|Any CPU
		{FB33A25D-2FD4-4456-BDAC-113D5E7CD9B4}.Trial Release|Any CPU.ActiveCfg = Trial Release|Any CPU
		{FB33A25D-2FD4-4456-BDAC-113D5E7CD9B4}.Trial Release|Any CPU.Build.0 = Trial Release|Any CPU
		{E65E04EE-9697-484F-9E3D-E3D5A6F844BC}.Debug|Any CPU.ActiveCfg = Debug|Any CPU
		{E65E04EE-9697-484F-9E3D-E3D5A6F844BC}.Debug|Any CPU.Build.0 = Debug|Any CPU
		{E65E04EE-9697-484F-9E3D-E3D5A6F844BC}.Distribution|Any CPU.ActiveCfg = Distribution|Any CPU
		{E65E04EE-9697-484F-9E3D-E3D5A6F844BC}.Distribution|Any CPU.Build.0 = Distribution|Any CPU
		{E65E04EE-9697-484F-9E3D-E3D5A6F844BC}.Release Marshal|Any CPU.ActiveCfg = Release Marshal|Any CPU
		{E65E04EE-9697-484F-9E3D-E3D5A6F844BC}.Release Marshal|Any CPU.Build.0 = Release Marshal|Any CPU
		{E65E04EE-9697-484F-9E3D-E3D5A6F844BC}.Release_Dbg|Any CPU.ActiveCfg = Release Marshal|Any CPU
		{E65E04EE-9697-484F-9E3D-E3D5A6F844BC}.Release_Dbg|Any CPU.Build.0 = Release Marshal|Any CPU
		{E65E04EE-9697-484F-9E3D-E3D5A6F844BC}.Release|Any CPU.ActiveCfg = Release|Any CPU
		{E65E04EE-9697-484F-9E3D-E3D5A6F844BC}.Release|Any CPU.Build.0 = Release|Any CPU
		{E65E04EE-9697-484F-9E3D-E3D5A6F844BC}.Standard|Any CPU.ActiveCfg = Distribution|Any CPU
		{E65E04EE-9697-484F-9E3D-E3D5A6F844BC}.Standard|Any CPU.Build.0 = Distribution|Any CPU
		{E65E04EE-9697-484F-9E3D-E3D5A6F844BC}.Trial Release|Any CPU.ActiveCfg = Release|Any CPU
		{E65E04EE-9697-484F-9E3D-E3D5A6F844BC}.Trial Release|Any CPU.Build.0 = Release|Any CPU
	EndGlobalSection
	GlobalSection(SolutionProperties) = preSolution
		HideSolutionNode = FALSE
	EndGlobalSection
EndGlobal
