
Microsoft Visual Studio Solution File, Format Version 9.00
# Visual Studio 2005
Project("{FAE04EC0-301F-11D3-BF4B-00C04F79EFBC}") = "FileUpload", "FileUpload.csproj", "{508E318E-E82A-4D91-B989-A64FC52617C0}"
EndProject
Project("{FAE04EC0-301F-11D3-BF4B-00C04F79EFBC}") = "BasecampAPI", "..\BasecampAPI\BasecampAPI.csproj", "{40FC0BCE-AA76-4BEE-9F0F-E88D0A540E72}"
EndProject
Project("{FAE04EC0-301F-11D3-BF4B-00C04F79EFBC}") = "TreeViewMS", "..\TreeViewMS\TreeViewMS.csproj", "{7C2CCE0A-A288-4869-A7B7-CC0D18AF3B8C}"
EndProject
Global
	GlobalSection(SolutionConfigurationPlatforms) = preSolution
		Debug|Any CPU = Debug|Any CPU
		Release|Any CPU = Release|Any CPU
	EndGlobalSection
	GlobalSection(ProjectConfigurationPlatforms) = postSolution
		{508E318E-E82A-4D91-B989-A64FC52617C0}.Debug|Any CPU.ActiveCfg = Debug|Any CPU
		{508E318E-E82A-4D91-B989-A64FC52617C0}.Debug|Any CPU.Build.0 = Debug|Any CPU
		{508E318E-E82A-4D91-B989-A64FC52617C0}.Release|Any CPU.ActiveCfg = Release|Any CPU
		{508E318E-E82A-4D91-B989-A64FC52617C0}.Release|Any CPU.Build.0 = Release|Any CPU
		{40FC0BCE-AA76-4BEE-9F0F-E88D0A540E72}.Debug|Any CPU.ActiveCfg = Debug|Any CPU
		{40FC0BCE-AA76-4BEE-9F0F-E88D0A540E72}.Debug|Any CPU.Build.0 = Debug|Any CPU
		{40FC0BCE-AA76-4BEE-9F0F-E88D0A540E72}.Release|Any CPU.ActiveCfg = Release|Any CPU
		{40FC0BCE-AA76-4BEE-9F0F-E88D0A540E72}.Release|Any CPU.Build.0 = Release|Any CPU
		{7C2CCE0A-A288-4869-A7B7-CC0D18AF3B8C}.Debug|Any CPU.ActiveCfg = Debug|Any CPU
		{7C2CCE0A-A288-4869-A7B7-CC0D18AF3B8C}.Debug|Any CPU.Build.0 = Debug|Any CPU
		{7C2CCE0A-A288-4869-A7B7-CC0D18AF3B8C}.Release|Any CPU.ActiveCfg = Release|Any CPU
		{7C2CCE0A-A288-4869-A7B7-CC0D18AF3B8C}.Release|Any CPU.Build.0 = Release|Any CPU
	EndGlobalSection
	GlobalSection(SolutionProperties) = preSolution
		HideSolutionNode = FALSE
	EndGlobalSection
EndGlobal
